lockfile_version: '1'
generated_at: '2026-06-20T07:13:40.972940+00:00'
apm_version: 0.18.0
dependencies:
- repo_url: polycloudinc/modver
  host: github.com
  resolved_commit: 0d8b1831c4d1aae61906bad3a003c0af127a67ad
  package_type: apm_package
  deployed_files:
  - .agents/skills/modver-forgejo-workflow
  content_hash: sha256:fe105ce9cdf967bcbc7a4d1037a6835f45ee12da993382e4cec3cddb91a494f2
  is_dev: true
- repo_url: polycloudinc/ticketscli
  host: github.com
  resolved_commit: e25c9d0cb7432c9d7c8a4cae8fa34521f886ad7c
  package_type: apm_package
  deployed_files:
  - .agents/skills/tickets-create
  - .agents/skills/tickets-execution-plan
  - .agents/skills/tickets-init
  - .agents/skills/tickets-list
  - .agents/skills/tickets-rank
  - .agents/skills/tickets-review
  - .agents/skills/tickets-transition
  content_hash: sha256:2007a2a1dd7e8151ee66cb4e7e28d67cc86bc0defea2881eea6ba40c439ad69d
  is_dev: true
local_deployed_files:
- .agents/skills/opmc-component-qualified-name
- .agents/skills/opmc-component-set
- .agents/skills/opmc-module-qualified-name
- .agents/skills/opmc-module-set
- .agents/skills/opmc-org-set
- .agents/skills/opmc-product-qualified-name
- .agents/skills/opmc-product-set
